
Microsoft Visual Studio Solution File, Format Version 12.00
# Visual Studio Version 17
VisualStudioVersion = 17.2.32616.157
MinimumVisualStudioVersion = 10.0.40219.1
Project("{9A19103F-16F7-4668-BE54-9A1E7A4F7556}") = "HMProductInfoAPI", "HMProductInfoAPI.csproj", "{267F14B8-B1EC-434C-A4B6-D8DC320A83C0}"
EndProject
Project("{FAE04EC0-301F-11D3-BF4B-00C04F79EFBC}") = "HMProductTestAPI", "..\HMProductTestAPI\HMProductTestAPI.csproj", "{BF901E75-506A-4343-96D6-7E4542313BD0}"
EndProject
Global
	GlobalSection(SolutionConfigurationPlatforms) = preSolution
		Debug|Any CPU = Debug|Any CPU
		Release|Any CPU = Release|Any CPU
	EndGlobalSection
	GlobalSection(ProjectConfigurationPlatforms) = postSolution
		{267F14B8-B1EC-434C-A4B6-D8DC320A83C0}.Debug|Any CPU.ActiveCfg = Debug|Any CPU
		{267F14B8-B1EC-434C-A4B6-D8DC320A83C0}.Debug|Any CPU.Build.0 = Debug|Any CPU
		{267F14B8-B1EC-434C-A4B6-D8DC320A83C0}.Release|Any CPU.ActiveCfg = Release|Any CPU
		{267F14B8-B1EC-434C-A4B6-D8DC320A83C0}.Release|Any CPU.Build.0 = Release|Any CPU
		{BF901E75-506A-4343-96D6-7E4542313BD0}.Debug|Any CPU.ActiveCfg = Debug|Any CPU
		{BF901E75-506A-4343-96D6-7E4542313BD0}.Debug|Any CPU.Build.0 = Debug|Any CPU
		{BF901E75-506A-4343-96D6-7E4542313BD0}.Release|Any CPU.ActiveCfg = Release|Any CPU
		{BF901E75-506A-4343-96D6-7E4542313BD0}.Release|Any CPU.Build.0 = Release|Any CPU
	EndGlobalSection
	GlobalSection(SolutionProperties) = preSolution
		HideSolutionNode = FALSE
	EndGlobalSection
	GlobalSection(ExtensibilityGlobals) = postSolution
		SolutionGuid = {EC0BA1F2-5B29-4AE5-B080-F582A265B64E}
	EndGlobalSection
EndGlobal
